// !$*UTF8*$!
{
	archiveVersion = 1;
	classes = {
	};
	objectVersion = 50;
	objects = {

/* Begin PBXBuildFile section */
		E23BBEC424A7D67600D9D8FE /* AppDelegate.swift in Sources */ = {isa = PBXBuildFile; fileRef = E23BBEC324A7D67600D9D8FE /* AppDelegate.swift */; };
		E23BBEC824A7D67600D9D8FE /* ViewController.swift in Sources */ = {isa = PBXBuildFile; fileRef = E23BBEC724A7D67600D9D8FE /* ViewController.swift */; };
		E23BBECB24A7D67600D9D8FE /* Main.storyboard in Resources */ = {isa = PBXBuildFile; fileRef = E23BBEC924A7D67600D9D8FE /* Main.storyboard */; };
		E23BBECD24A7D68700D9D8FE /* Assets.xcassets in Resources */ = {isa = PBXBuildFile; fileRef = E23BBECC24A7D68700D9D8FE /* Assets.xcassets */; };
		E23BBED024A7D68700D9D8FE /* LaunchScreen.storyboard in Resources */ = {isa = PBXBuildFile; fileRef = E23BBECE24A7D68700D9D8FE /* LaunchScreen.storyboard */; };
		E23BBED924A7DBD900D9D8FE /* MapKit.framework in Frameworks */ = {isa = PBXBuildFile; fileRef = E23BBED824A7DBD800D9D8FE /* MapKit.framework */; };
/* End PBXBuildFile section */

/* Begin PBXFileReference section */
		E23BBEC024A7D67500D9D8FE /* Where Was I ?.app */ = {isa = PBXFileReference; explicitFileType = wrapper.application; includeInIndex = 0; path = "Where Was I ?.app"; sourceTree = BUILT_PRODUCTS_DIR; };
		E23BBEC324A7D67600D9D8FE /* AppDelegate.swift */ = {isa = PBXFileReference; lastKnownFileType = sourcecode.swift; path = AppDelegate.swift; sourceTree = "<group>"; };
		E23BBEC724A7D67600D9D8FE /* ViewController.swift */ = {isa = PBXFileReference; lastKnownFileType = sourcecode.swift; path = ViewController.swift; sourceTree = "<group>"; };
		E23BBECA24A7D67600D9D8FE /* Base */ = {isa = PBXFileReference; lastKnownFileType = file.storyboard; name = Base; path = Base.lproj/Main.storyboard; sourceTree = "<group>"; };
		E23BBECC24A7D68700D9D8FE /* Assets.xcassets */ = {isa = PBXFileReference; lastKnownFileType = folder.assetcatalog; path = Assets.xcassets; sourceTree = "<group>"; };
		E23BBECF24A7D68700D9D8FE /* Base */ = {isa = PBXFileReference; lastKnownFileType = file.storyboard; name = Base; path = Base.lproj/LaunchScreen.storyboard; sourceTree = "<group>"; };
		E23BBED124A7D68700D9D8FE /* Info.plist */ = {isa = PBXFileReference; lastKnownFileType = text.plist.xml; path = Info.plist; sourceTree = "<group>"; };
		E23BBED824A7DBD800D9D8FE /* MapKit.framework */ = {isa = PBXFileReference; lastKnownFileType = wrapper.framework; name = MapKit.framework; path = System/Library/Frameworks/MapKit.framework; sourceTree = SDKROOT; };
/* End PBXFileReference section */

/* Begin PBXFrameworksBuildPhase section */
		E23BBEBD24A7D67500D9D8FE /* Frameworks */ = {
			isa = PBXFrameworksBuildPhase;
			buildActionMask = 2147483647;
			files = (
				E23BBED924A7DBD900D9D8FE /* MapKit.framework in Frameworks */,
			);
			runOnlyForDeploymentPostprocessing = 0;
		};
/* End PBXFrameworksBuildPhase section */

/* Begin PBXGroup section */
		E23BBEB724A7D67400D9D8FE = {
			isa = PBXGroup;
			children = (
				E23BBEC224A7D67500D9D8FE /* Where Was I ? */,
				E23BBEC124A7D67500D9D8FE /* Products */,
				E23BBED724A7DBD800D9D8FE /* Frameworks */,
			);
			sourceTree = "<group>";
		};
		E23BBEC124A7D67500D9D8FE /* Products */ = {
			isa = PBXGroup;
			children = (
				E23BBEC024A7D67500D9D8FE /* Where Was I ?.app */,
			);
			name = Products;
			sourceTree = "<group>";
		};
		E23BBEC224A7D67500D9D8FE /* Where Was I ? */ = {
			isa = PBXGroup;
			children = (
				E23BBEC324A7D67600D9D8FE /* AppDelegate.swift */,
				E23BBEC724A7D67600D9D8FE /* ViewController.swift */,
				E23BBEC924A7D67600D9D8FE /* Main.storyboard */,
				E23BBECC24A7D68700D9D8FE /* Assets.xcassets */,
				E23BBECE24A7D68700D9D8FE /* LaunchScreen.storyboard */,
				E23BBED124A7D68700D9D8FE /* Info.plist */,
			);
			path = "Where Was I ?";
			sourceTree = "<group>";
		};
		E23BBED724A7DBD800D9D8FE /* Frameworks */ = {
			isa = PBXGroup;
			children = (
				E23BBED824A7DBD800D9D8FE /* MapKit.framework */,
			);
			name = Frameworks;
			sourceTree = "<group>";
		};
/* End PBXGroup section */

/* Begin PBXNativeTarget section */
		E23BBEBF24A7D67500D9D8FE /* Where Was I ? */ = {
			isa = PBXNativeTarget;
			buildConfigurationList = E23BBED424A7D68700D9D8FE /* Build configuration list for PBXNativeTarget "Where Was I ?" */;
			buildPhases = (
				E23BBEBC24A7D67500D9D8FE /* Sources */,
				E23BBEBD24A7D67500D9D8FE /* Frameworks */,
				E23BBEBE24A7D67500D9D8FE /* Resources */,
			);
			buildRules = (
			);
			dependencies = (
			);
			name = "Where Was I ?";
			productName = "Where Was I ?";
			productReference = E23BBEC024A7D67500D9D8FE /* Where Was I ?.app */;
			productType = "com.apple.product-type.application";
		};
/* End PBXNativeTarget section */

/* Begin PBXProject section */
		E23BBEB824A7D67400D9D8FE /* Project object */ = {
			isa = PBXProject;
			attributes = {
				LastSwiftUpdateCheck = 1150;
				LastUpgradeCheck = 1150;
				ORGANIZATIONNAME = "ahmed kamel";
				TargetAttributes = {
					E23BBEBF24A7D67500D9D8FE = {
						CreatedOnToolsVersion = 11.5;
					};
				};
			};
			buildConfigurationList = E23BBEBB24A7D67500D9D8FE /* Build configuration list for PBXProject "Where Was I ?" */;
			compatibilityVersion = "Xcode 9.3";
			developmentRegion = en;
			hasScannedForEncodings = 0;
			knownRegions = (
				en,
				Base,
			);
			mainGroup = E23BBEB724A7D67400D9D8FE;
			productRefGroup = E23BBEC124A7D67500D9D8FE /* Products */;
			projectDirPath = "";
			projectRoot = "";
			targets = (
				E23BBEBF24A7D67500D9D8FE /* Where Was I ? */,
			);
		};
/* End PBXProject section */

/* Begin PBXResourcesBuildPhase section */
		E23BBEBE24A7D67500D9D8FE /* Resources */ = {
			isa = PBXResourcesBuildPhase;
			buildActionMask = 2147483647;
			files = (
				E23BBED024A7D68700D9D8FE /* LaunchScreen.storyboard in Resources */,
				E23BBECD24A7D68700D9D8FE /* Assets.xcassets in Resources */,
				E23BBECB24A7D67600D9D8FE /* Main.storyboard in Resources */,
			);
			runOnlyForDeploymentPostprocessing = 0;
		};
/* End PBXResourcesBuildPhase section */

/* Begin PBXSourcesBuildPhase section */
		E23BBEBC24A7D67500D9D8FE /* Sources */ = {
			isa = PBXSourcesBuildPhase;
			buildActionMask = 2147483647;
			files = (
				E23BBEC824A7D67600D9D8FE /* ViewController.swift in Sources */,
				E23BBEC424A7D67600D9D8FE /* AppDelegate.swift in Sources */,
			);
			runOnlyForDeploymentPostprocessing = 0;
		};
/* End PBXSourcesBuildPhase section */

/* Begin PBXVariantGroup section */
		E23BBEC924A7D67600D9D8FE /* Main.storyboard */ = {
			isa = PBXVariantGroup;
			children = (
				E23BBECA24A7D67600D9D8FE /* Base */,
			);
			name = Main.storyboard;
			sourceTree = "<group>";
		};
		E23BBECE24A7D68700D9D8FE /* LaunchScreen.storyboard */ = {
			isa = PBXVariantGroup;
			children = (
				E23BBECF24A7D68700D9D8FE /* Base */,
			);
			name = LaunchScreen.storyboard;
			sourceTree = "<group>";
		};
/* End PBXVariantGroup section */

/* Begin XCBuildConfiguration section */
		E23BBED224A7D68700D9D8FE /* Debug */ = {
			isa = XCBuildConfiguration;
			buildSettings = {
				ALWAYS_SEARCH_USER_PATHS = NO;
				CLANG_ANALYZER_NONNULL = YES;
				CLANG_ANALYZER_NUMBER_OBJECT_CONVERSION = YES_AGGRESSIVE;
				CLANG_CXX_LANGUAGE_STANDARD = "gnu++14";
				CLANG_CXX_LIBRARY = "libc++";
				CLANG_ENABLE_MODULES = YES;
				CLANG_ENABLE_OBJC_ARC = YES;
				CLANG_ENABLE_OBJC_WEAK = YES;
				CLANG_WARN_BLOCK_CAPTURE_AUTORELEASING = YES;
				CLANG_WARN_BOOL_CONVERSION = YES;
				CLANG_WARN_COMMA = YES;
				CLANG_WARN_CONSTANT_CONVERSION = YES;
				CLANG_WARN_DEPRECATED_OBJC_IMPLEMENTATIONS = YES;
				CLANG_WARN_DIRECT_OBJC_ISA_USAGE = YES_ERROR;
				CLANG_WARN_DOCUMENTATION_COMMENTS = YES;
				CLANG_WARN_EMPTY_BODY = YES;
				CLANG_WARN_ENUM_CONVERSION = YES;
				CLANG_WARN_INFINITE_RECURSION = YES;
				CLANG_WARN_INT_CONVERSION = YES;
				CLANG_WARN_NON_LITERAL_NULL_CONVERSION = YES;
				CLANG_WARN_OBJC_IMPLICIT_RETAIN_SELF = YES;
				CLANG_WARN_OBJC_LITERAL_CONVERSION = YES;
				CLANG_WARN_OBJC_ROOT_CLASS = YES_ERROR;
				CLANG_WARN_RANGE_LOOP_ANALYSIS = YES;
				CLANG_WARN_STRICT_PROTOTYPES = YES;
				CLANG_WARN_SUSPICIOUS_MOVE = YES;
				CLANG_WARN_UNGUARDED_AVAILABILITY = YES_AGGRESSIVE;
				CLANG_WARN_UNREACHABLE_CODE = YES;
				CLANG_WARN__DUPLICATE_METHOD_MATCH = YES;
				COPY_PHASE_STRIP = NO;
				DEBUG_INFORMATION_FORMAT = dwarf;
				ENABLE_STRICT_OBJC_MSGSEND = YES;
				ENABLE_TESTABILITY = YES;
				GCC_C_LANGUAGE_STANDARD = gnu11;
				GCC_DYNAMIC_NO_PIC = NO;
				GCC_NO_COMMON_BLOCKS = YES;
				GCC_OPTIMIZATION_LEVEL = 0;
				GCC_PREPROCESSOR_DEFINITIONS = (
					"DEBUG=1",
					"$(inherited)",
				);
				GCC_WARN_64_TO_32_BIT_CONVERSION = YES;
				GCC_WARN_ABOUT_RETURN_TYPE = YES_ERROR;
				GCC_WARN_UNDECLARED_SELECTOR = YES;
				GCC_WARN_UNINITIALIZED_AUTOS = YES_AGGRESSIVE;
				GCC_WARN_UNUSED_FUNCTION = YES;
				GCC_WARN_UNUSED_VARIABLE = YES;
				IPHONEOS_DEPLOYMENT_TARGET = 13.5;
				MTL_ENABLE_DEBUG_INFO = INCLUDE_SOURCE;
				MTL_FAST_MATH = YES;
				ONLY_ACTIVE_ARCH = YES;
				SDKROOT = iphoneos;
				SWIFT_ACTIVE_COMPILATION_CONDITIONS = DEBUG;
				SWIFT_OPTIMIZATION_LEVEL = "-Onone";
			};
			name = Debug;
		};
		E23BBED324A7D68700D9D8FE /* Release */ = {
			isa = XCBuildConfiguration;
			buildSettings = {
				ALWAYS_SEARCH_USER_PATHS = NO;
				CLANG_ANALYZER_NONNULL = YES;
				CLANG_ANALYZER_NUMBER_OBJECT_CONVERSION = YES_AGGRESSIVE;
				CLANG_CXX_LANGUAGE_STANDARD = "gnu++14";
				CLANG_CXX_LIBRARY = "libc++";
				CLANG_ENABLE_MODULES = YES;
				CLANG_ENABLE_OBJC_ARC = YES;
				CLANG_ENABLE_OBJC_WEAK = YES;
				CLANG_WARN_BLOCK_CAPTURE_AUTORELEASING = YES;
				CLANG_WARN_BOOL_CONVERSION = YES;
				CLANG_WARN_COMMA = YES;
				CLANG_WARN_CONSTANT_CONVERSION = YES;
				CLANG_WARN_DEPRECATED_OBJC_IMPLEMENTATIONS = YES;
				CLANG_WARN_DIRECT_OBJC_ISA_USAGE = YES_ERROR;
				CLANG_WARN_DOCUMENTATION_COMMENTS = YES;
				CLANG_WARN_EMPTY_BODY = YES;
				CLANG_WARN_ENUM_CONVERSION = YES;
				CLANG_WARN_INFINITE_RECURSION = YES;
				CLANG_WARN_INT_CONVERSION = YES;
				CLANG_WARN_NON_LITERAL_NULL_CONVERSION = YES;
				CLANG_WARN_OBJC_IMPLICIT_RETAIN_SELF = YES;
				CLANG_WARN_OBJC_LITERAL_CONVERSION = YES;
				CLANG_WARN_OBJC_ROOT_CLASS = YES_ERROR;
				CLANG_WARN_RANGE_LOOP_ANALYSIS = YES;
				CLANG_WARN_STRICT_PROTOTYPES = YES;
				CLANG_WARN_SUSPICIOUS_MOVE = YES;
				CLANG_WARN_UNGUARDED_AVAILABILITY = YES_AGGRESSIVE;
				CLANG_WARN_UNREACHABLE_CODE = YES;
				CLANG_WARN__DUPLICATE_METHOD_MATCH = YES;
				COPY_PHASE_STRIP = NO;
				DEBUG_INFORMATION_FORMAT = "dwarf-with-dsym";
				ENABLE_NS_ASSERTIONS = NO;
				ENABLE_STRICT_OBJC_MSGSEND = YES;
				GCC_C_LANGUAGE_STANDARD = gnu11;
				GCC_NO_COMMON_BLOCKS = YES;
				GCC_WARN_64_TO_32_BIT_CONVERSION = YES;
				GCC_WARN_ABOUT_RETURN_TYPE = YES_ERROR;
				GCC_WARN_UNDECLARED_SELECTOR = YES;
				GCC_WARN_UNINITIALIZED_AUTOS = YES_AGGRESSIVE;
				GCC_WARN_UNUSED_FUNCTION = YES;
				GCC_WARN_UNUSED_VARIABLE = YES;
				IPHONEOS_DEPLOYMENT_TARGET = 13.5;
				MTL_ENABLE_DEBUG_INFO = NO;
				MTL_FAST_MATH = YES;
				SDKROOT = iphoneos;
				SWIFT_COMPILATION_MODE = wholemodule;
				SWIFT_OPTIMIZATION_LEVEL = "-O";
				VALIDATE_PRODUCT = YES;
			};
			name = Release;
		};
		E23BBED524A7D68700D9D8FE /* Debug */ = {
			isa = XCBuildConfiguration;
			buildSettings = {
				ASSETCATALOG_COMPILER_APPICON_NAME = AppIcon;
				CODE_SIGN_STYLE = Automatic;
				DEVELOPMENT_TEAM = ZCK4R7FGT9;
				INFOPLIST_FILE = "Where Was I ?/Info.plist";
				IPHONEOS_DEPLOYMENT_TARGET = 11.4;
				LD_RUNPATH_SEARCH_PATHS = (
					"$(inherited)",
					"@executable_path/Frameworks",
				);
				PRODUCT_BUNDLE_IDENTIFIER = "com.AKDeveloper.Where-Was-I--";
				PRODUCT_NAME = "$(TARGET_NAME)";
				SWIFT_VERSION = 5.0;
				TARGETED_DEVICE_FAMILY = "1,2";
			};
			name = Debug;
		};
		E23BBED624A7D68700D9D8FE /* Release */ = {
			isa = XCBuildConfiguration;
			buildSettings = {
				ASSETCATALOG_COMPILER_APPICON_NAME = AppIcon;
				CODE_SIGN_STYLE = Automatic;
				DEVELOPMENT_TEAM = ZCK4R7FGT9;
				INFOPLIST_FILE = "Where Was I ?/Info.plist";
				IPHONEOS_DEPLOYMENT_TARGET = 11.4;
				LD_RUNPATH_SEARCH_PATHS = (
					"$(inherited)",
					"@executable_path/Frameworks",
				);
				PRODUCT_BUNDLE_IDENTIFIER = "com.AKDeveloper.Where-Was-I--";
				PRODUCT_NAME = "$(TARGET_NAME)";
				SWIFT_VERSION = 5.0;
				TARGETED_DEVICE_FAMILY = "1,2";
			};
			name = Release;
		};
/* End XCBuildConfiguration section */

/* Begin XCConfigurationList section */
		E23BBEBB24A7D67500D9D8FE /* Build configuration list for PBXProject "Where Was I ?" */ = {
			isa = XCConfigurationList;
			buildConfigurations = (
				E23BBED224A7D68700D9D8FE /* Debug */,
				E23BBED324A7D68700D9D8FE /* Release */,
			);
			defaultConfigurationIsVisible = 0;
			defaultConfigurationName = Release;
		};
		E23BBED424A7D68700D9D8FE /* Build configuration list for PBXNativeTarget "Where Was I ?" */ = {
			isa = XCConfigurationList;
			buildConfigurations = (
				E23BBED524A7D68700D9D8FE /* Debug */,
				E23BBED624A7D68700D9D8FE /* Release */,
			);
			defaultConfigurationIsVisible = 0;
			defaultConfigurationName = Release;
		};
/* End XCConfigurationList section */
	};
	rootObject = E23BBEB824A7D67400D9D8FE /* Project object */;
}
